
Microsoft Visual Studio Solution File, Format Version 12.00
# Visual Studio Version 17
VisualStudioVersion = 17.6.33723.286
MinimumVisualStudioVersion = 10.0.40219.1
Project("{FAE04EC0-301F-11D3-BF4B-00C04F79EFBC}") = "NoMoreCookiesInstaller", "NoMoreCookiesInstaller\NoMoreCookiesInstaller.csproj", "{BE613788-BBDD-49C6-8771-76A55CE5CCC2}"
EndProject
Global
	GlobalSection(SolutionConfigurationPlatforms) = preSolution
		Debug|Any CPU = Debug|Any CPU
		Release|Any CPU = Release|Any CPU
	EndGlobalSection
	GlobalSection(ProjectConfigurationPlatforms) = postSolution
		{BE613788-BBDD-49C6-8771-76A55CE5CCC2}.Debug|Any CPU.ActiveCfg = Debug|Any CPU
		{BE613788-BBDD-49C6-8771-76A55CE5CCC2}.Debug|Any CPU.Build.0 = Debug|Any CPU
		{BE613788-BBDD-49C6-8771-76A55CE5CCC2}.Release|Any CPU.ActiveCfg = Release|Any CPU
		{BE613788-BBDD-49C6-8771-76A55CE5CCC2}.Release|Any CPU.Build.0 = Release|Any CPU
	EndGlobalSection
	GlobalSection(SolutionProperties) = preSolution
		HideSolutionNode = FALSE
	EndGlobalSection
	GlobalSection(ExtensibilityGlobals) = postSolution
		SolutionGuid = {150C09C5-EB97-474B-91E7-727E554B3B69}
	EndGlobalSection
EndGlobal
